PackratFormat: 1.4
PackratVersion: 0.4.8.1
RVersion: 3.3.2
Repos: CRAN=https://mran.microsoft.com/snapshot/2017-01-30

Package: BH
Source: CRAN
Version: 1.62.0-1

Package: DBI
Source: CRAN
Version: 0.5-1
Hash: 375869004db963f9915f2b8a49b4a718

Package: R6
Source: CRAN
Version: 2.2.0
Hash: 712773a3439bd32db5c40938e1a9aac2

Package: RColorBrewer
Source: CRAN
Version: 1.1-2
Hash: c0d56cd15034f395874c870141870c25

Package: Rcpp
Source: CRAN
Version: 0.12.9
Hash: 7ab41cbe74918de8de87e435ef17e92d

Package: assertthat
Source: CRAN
Version: 0.1
Hash: 0afb92b59b02593c70ff8046700ba9d3

Package: base64enc
Source: CRAN
Version: 0.1-3
Hash: c590d29e555926af053055e23ee79efb

Package: checkpoint
Source: CRAN
Version: 0.3.18
Hash: 743986b352b621cfe268b54ef45f5250

Package: colorspace
Source: CRAN
Version: 1.3-2

Package: curl
Source: CRAN
Version: 2.2
Hash: 4533829fb0026bd0dea77ba8f1612d37

Package: dichromat
Source: CRAN
Version: 2.0-0
Hash: 08eed0c80510af29bb15f840ccfe37ce

Package: digest
Source: CRAN
Version: 0.6.12
Hash: e53fb8c58673df868183697e39a6a4d6

Package: dplyr
Source: CRAN
Version: 0.5.0
Requires: BH, DBI, R6, Rcpp, assertthat, lazyeval, magrittr, tibble
Hash: 069c6a58f46d8236d23cec575cf792f0

Package: ggplot2
Source: CRAN
Version: 2.2.1
Requires: digest, gtable, lazyeval, plyr, tibble, scales, reshape2
Hash: 46e5cb78836848aa44655e577433f54b

Package: gtable
Source: CRAN
Version: 0.2.0
Hash: cd78381a9d3fea966ac39bd0daaf5554

Package: hexbin
Source: CRAN
Version: 1.27.1
Hash: 9f94c576cc4b9e83fd714ae8387272e6

Package: hms
Source: CRAN
Version: 0.3
Hash: 3fca8a1c97e6cfb297fe3f4690f82c58

Package: htmltools
Source: CRAN
Version: 0.3.5
Requires: Rcpp, digest
Hash: 6c7e3a96d9034d3ba8e6a07f7e2a333d

Package: htmlwidgets
Source: CRAN
Version: 0.8
Requires: jsonlite, yaml, htmltools
Hash: e7a3c80acddc2412f96d616949e40bb8

Package: httpuv
Source: CRAN
Version: 1.3.3
Requires: Rcpp
Hash: d73b1fc4f52d1179ff24f12f49eb6121

Package: httr
Source: CRAN
Version: 1.2.1
Requires: R6, curl, jsonlite, mime, openssl
Hash: 7de1f8f760441881804af7c1ff324340

Package: jsonlite
Source: CRAN
Version: 1.1
Hash: 86d4b85b84421a4815f1bb4872e30ef4

Package: labeling
Source: CRAN
Version: 0.3
Hash: ecf589b42cd284b03a4beb9665482d3e

Package: lazyeval
Source: CRAN
Version: 0.2.0
Hash: 3d6e7608e65bbf5cb170dab1e3c9ed8b

Package: magrittr
Source: CRAN
Version: 1.5
Hash: bdc4d48c3135e8f3b399536ddf160df4

Package: mime
Source: CRAN
Version: 0.5
Hash: 463550cf44fb6f0a2359368f42eebe62

Package: munsell
Source: CRAN
Version: 0.4.3
Requires: colorspace
Hash: f96d896947fcaf9b6d0074002e9f4f9d

Package: openssl
Source: CRAN
Version: 0.9.6
Hash: 5f4711e142a44655dfea4d64fcf2f641

Package: packrat
Source: CRAN
Version: 0.4.8-1
Hash: 6ad605ba7b4b476d84be6632393f5765

Package: plotly
Source: CRAN
Version: 4.5.6
Requires: base64enc, digest, hexbin, jsonlite, lazyeval, magrittr,
    viridisLite, tibble, httr, scales, htmlwidgets, dplyr, purrr,
    tidyr, ggplot2
Hash: f55e6b78f2701911b98cb23d7e3d2bcb

Package: plyr
Source: CRAN
Version: 1.8.4
Requires: Rcpp
Hash: ce3897d2ea6dabdb2c0a217b25f5fe99

Package: purrr
Source: CRAN
Version: 0.2.2
Requires: BH, Rcpp, lazyeval, magrittr, dplyr
Hash: a966408556012b0d3398053400077783

Package: readr
Source: CRAN
Version: 1.0.0
Requires: BH, R6, Rcpp, curl, hms, tibble
Hash: 745242a9827317f60a83019f38731b45

Package: reshape2
Source: CRAN
Version: 1.4.2
Requires: Rcpp, plyr, stringr
Hash: 85d9947f8a5e187dff7f18265b96cb13

Package: scales
Source: CRAN
Version: 0.4.1
Requires: RColorBrewer, Rcpp, dichromat, labeling, plyr, munsell
Hash: bc8d2233a63b068b0f60b18303d60c55

Package: shiny
Source: CRAN
Version: 1.0.0
Requires: R6, digest, jsonlite, mime, sourcetools, xtable, httpuv,
    htmltools
Hash: 315fd5ac8ada4047f81af7c19d5a5974

Package: sourcetools
Source: CRAN
Version: 0.1.5
Hash: 04ddeb1c288302222562326a471e2945

Package: stringi
Source: CRAN
Version: 1.1.2
Hash: 1ad6b1cc11d982ac233bf2fa2f7c9684

Package: stringr
Source: CRAN
Version: 1.1.0
Requires: magrittr, stringi
Hash: 4d21d0063b37a17ea18eaec6acd29bf3

Package: tibble
Source: CRAN
Version: 1.2
Requires: Rcpp, assertthat, lazyeval
Hash: 3857905737a164648031462bed6aa2ef

Package: tidyr
Source: CRAN
Version: 0.6.1
Requires: Rcpp, lazyeval, magrittr, stringi, tibble, dplyr
Hash: 304887c13ceb691ff8bd5560c62b271a

Package: viridisLite
Source: CRAN
Version: 0.1.3
Hash: d16a33135b1f4c8818b8cd569da3913f

Package: xtable
Source: CRAN
Version: 1.8-2
Hash: 7293235cfcc14cdff1ce7fd1a0212031

Package: yaml
Source: CRAN
Version: 2.1.14
Hash: c81230c3a7d9ba20607ad6b4331173d1
